
Microsoft Visual Studio Solution File, Format Version 12.00
# Visual Studio 15
VisualStudioVersion = 15.0.28010.2003
MinimumVisualStudioVersion = 10.0.40219.1
Project("{FAE04EC0-301F-11D3-BF4B-00C04F79EFBC}") = "BongoCatKeys", "BongoCatKeys.csproj", "{22BD0196-2EF0-4382-B767-C96072E0D315}"
EndProject
Global
	GlobalSection(SolutionConfigurationPlatforms) = preSolution
		Debug|Any CPU = Debug|Any CPU
		Release|Any CPU = Release|Any CPU
	EndGlobalSection
	GlobalSection(ProjectConfigurationPlatforms) = postSolution
		{22BD0196-2EF0-4382-B767-C96072E0D315}.Debug|Any CPU.ActiveCfg = Debug|Any CPU
		{22BD0196-2EF0-4382-B767-C96072E0D315}.Debug|Any CPU.Build.0 = Debug|Any CPU
		{22BD0196-2EF0-4382-B767-C96072E0D315}.Release|Any CPU.ActiveCfg = Release|Any CPU
		{22BD0196-2EF0-4382-B767-C96072E0D315}.Release|Any CPU.Build.0 = Release|Any CPU
	EndGlobalSection
	GlobalSection(SolutionProperties) = preSolution
		HideSolutionNode = FALSE
	EndGlobalSection
	GlobalSection(ExtensibilityGlobals) = postSolution
		SolutionGuid = {578B384E-B696-43A4-8F92-DFA1548B551A}
	EndGlobalSection
EndGlobal
